
Microsoft Visual Studio Solution File, Format Version 12.00
# Visual Studio Version 16
VisualStudioVersion = 16.0.29709.97
MinimumVisualStudioVersion = 10.0.40219.1
Project("{888888A0-9F3D-457C-B088-3A5042F75D52}") = "CS_labs_vs", "CS_labs_vs.pyproj", "{DC4B8E3C-BD89-49A9-B846-B88A54D16367}"
EndProject
Global
	GlobalSection(SolutionConfigurationPlatforms) = preSolution
		Debug|Any CPU = Debug|Any CPU
		Release|Any CPU = Release|Any CPU
	EndGlobalSection
	GlobalSection(ProjectConfigurationPlatforms) = postSolution
		{DC4B8E3C-BD89-49A9-B846-B88A54D16367}.Debug|Any CPU.ActiveCfg = Debug|Any CPU
		{DC4B8E3C-BD89-49A9-B846-B88A54D16367}.Release|Any CPU.ActiveCfg = Release|Any CPU
	EndGlobalSection
	GlobalSection(SolutionProperties) = preSolution
		HideSolutionNode = FALSE
	EndGlobalSection
	GlobalSection(ExtensibilityGlobals) = postSolution
		SolutionGuid = {5FD54499-6415-4AB4-88CC-DF920D77B8F7}
	EndGlobalSection
EndGlobal
